
Microsoft Visual Studio Solution File, Format Version 12.00
# Visual Studio 15
VisualStudioVersion = 15.0.27428.1
MinimumVisualStudioVersion = 10.0.40219.1
Project("{8BC9CEB8-8B4A-11D0-8D11-00A0C91BC942}") = "utils", "utils\utils.vcxproj", "{2D35F6B4-EAE7-43DF-8248-6E4FE4F4727C}"
EndProject
Project("{8BC9CEB8-8B4A-11D0-8D11-00A0C91BC942}") = "euler_explicit", "euler_explicit\euler_explicit.vcxproj", "{70189DF1-7DA8-4CF9-9D59-00B922E0EDE7}"
EndProject
Project("{8BC9CEB8-8B4A-11D0-8D11-00A0C91BC942}") = "euler_implicit", "euler_implicit\euler_implicit.vcxproj", "{BB60BC55-5C69-4EB2-9037-808535CA24CD}"
	ProjectSection(ProjectDependencies) = postProject
		{70189DF1-7DA8-4CF9-9D59-00B922E0EDE7} = {70189DF1-7DA8-4CF9-9D59-00B922E0EDE7}
	EndProjectSection
EndProject
Project("{8BC9CEB8-8B4A-11D0-8D11-00A0C91BC942}") = "runge_kutta", "runge_kutta\runge_kutta.vcxproj", "{C0D3799B-0A1A-4F85-AA17-EED4CA7FD346}"
EndProject
Project("{8BC9CEB8-8B4A-11D0-8D11-00A0C91BC942}") = "runner", "test_runner\test_runner.vcxproj", "{E9C3E594-601D-4182-A76A-A1A1491C6D3E}"
	ProjectSection(ProjectDependencies) = postProject
		{BB60BC55-5C69-4EB2-9037-808535CA24CD} = {BB60BC55-5C69-4EB2-9037-808535CA24CD}
		{C0D3799B-0A1A-4F85-AA17-EED4CA7FD346} = {C0D3799B-0A1A-4F85-AA17-EED4CA7FD346}
		{2D35F6B4-EAE7-43DF-8248-6E4FE4F4727C} = {2D35F6B4-EAE7-43DF-8248-6E4FE4F4727C}
		{70189DF1-7DA8-4CF9-9D59-00B922E0EDE7} = {70189DF1-7DA8-4CF9-9D59-00B922E0EDE7}
	EndProjectSection
EndProject
Project("{8BC9CEB8-8B4A-11D0-8D11-00A0C91BC942}") = "adams_bashforth", "adams_bashforth\adams_bashforth.vcxproj", "{A46AD321-84BF-4238-911A-BDD9E9CFE9EA}"
EndProject
Project("{8BC9CEB8-8B4A-11D0-8D11-00A0C91BC942}") = "adams_moulton", "adams_moulton\adams_moulton.vcxproj", "{BDBA5370-0895-4CEC-A9C3-9D16F29B0A07}"
	ProjectSection(ProjectDependencies) = postProject
		{C0D3799B-0A1A-4F85-AA17-EED4CA7FD346} = {C0D3799B-0A1A-4F85-AA17-EED4CA7FD346}
	EndProjectSection
EndProject
Project("{8BC9CEB8-8B4A-11D0-8D11-00A0C91BC942}") = "prediction_correction", "prediction_correction\prediction_correction.vcxproj", "{64EF9729-8312-46CD-8314-3A5CC5733477}"
	ProjectSection(ProjectDependencies) = postProject
		{A46AD321-84BF-4238-911A-BDD9E9CFE9EA} = {A46AD321-84BF-4238-911A-BDD9E9CFE9EA}
	EndProjectSection
EndProject
Global
	GlobalSection(SolutionConfigurationPlatforms) = preSolution
		Debug|x64 = Debug|x64
		Debug|x86 = Debug|x86
		Release|x64 = Release|x64
		Release|x86 = Release|x86
	EndGlobalSection
	GlobalSection(ProjectConfigurationPlatforms) = postSolution
		{2D35F6B4-EAE7-43DF-8248-6E4FE4F4727C}.Debug|x64.ActiveCfg = Debug|x64
		{2D35F6B4-EAE7-43DF-8248-6E4FE4F4727C}.Debug|x64.Build.0 = Debug|x64
		{2D35F6B4-EAE7-43DF-8248-6E4FE4F4727C}.Debug|x86.ActiveCfg = Debug|Win32
		{2D35F6B4-EAE7-43DF-8248-6E4FE4F4727C}.Debug|x86.Build.0 = Debug|Win32
		{2D35F6B4-EAE7-43DF-8248-6E4FE4F4727C}.Release|x64.ActiveCfg = Release|x64
		{2D35F6B4-EAE7-43DF-8248-6E4FE4F4727C}.Release|x64.Build.0 = Release|x64
		{2D35F6B4-EAE7-43DF-8248-6E4FE4F4727C}.Release|x86.ActiveCfg = Release|Win32
		{2D35F6B4-EAE7-43DF-8248-6E4FE4F4727C}.Release|x86.Build.0 = Release|Win32
		{70189DF1-7DA8-4CF9-9D59-00B922E0EDE7}.Debug|x64.ActiveCfg = Debug|x64
		{70189DF1-7DA8-4CF9-9D59-00B922E0EDE7}.Debug|x64.Build.0 = Debug|x64
		{70189DF1-7DA8-4CF9-9D59-00B922E0EDE7}.Debug|x86.ActiveCfg = Debug|Win32
		{70189DF1-7DA8-4CF9-9D59-00B922E0EDE7}.Debug|x86.Build.0 = Debug|Win32
		{70189DF1-7DA8-4CF9-9D59-00B922E0EDE7}.Release|x64.ActiveCfg = Release|x64
		{70189DF1-7DA8-4CF9-9D59-00B922E0EDE7}.Release|x64.Build.0 = Release|x64
		{70189DF1-7DA8-4CF9-9D59-00B922E0EDE7}.Release|x86.ActiveCfg = Release|Win32
		{70189DF1-7DA8-4CF9-9D59-00B922E0EDE7}.Release|x86.Build.0 = Release|Win32
		{BB60BC55-5C69-4EB2-9037-808535CA24CD}.Debug|x64.ActiveCfg = Debug|x64
		{BB60BC55-5C69-4EB2-9037-808535CA24CD}.Debug|x64.Build.0 = Debug|x64
		{BB60BC55-5C69-4EB2-9037-808535CA24CD}.Debug|x86.ActiveCfg = Debug|Win32
		{BB60BC55-5C69-4EB2-9037-808535CA24CD}.Debug|x86.Build.0 = Debug|Win32
		{BB60BC55-5C69-4EB2-9037-808535CA24CD}.Release|x64.ActiveCfg = Release|x64
		{BB60BC55-5C69-4EB2-9037-808535CA24CD}.Release|x64.Build.0 = Release|x64
		{BB60BC55-5C69-4EB2-9037-808535CA24CD}.Release|x86.ActiveCfg = Release|Win32
		{BB60BC55-5C69-4EB2-9037-808535CA24CD}.Release|x86.Build.0 = Release|Win32
		{C0D3799B-0A1A-4F85-AA17-EED4CA7FD346}.Debug|x64.ActiveCfg = Debug|x64
		{C0D3799B-0A1A-4F85-AA17-EED4CA7FD346}.Debug|x64.Build.0 = Debug|x64
		{C0D3799B-0A1A-4F85-AA17-EED4CA7FD346}.Debug|x86.ActiveCfg = Debug|Win32
		{C0D3799B-0A1A-4F85-AA17-EED4CA7FD346}.Debug|x86.Build.0 = Debug|Win32
		{C0D3799B-0A1A-4F85-AA17-EED4CA7FD346}.Release|x64.ActiveCfg = Release|x64
		{C0D3799B-0A1A-4F85-AA17-EED4CA7FD346}.Release|x64.Build.0 = Release|x64
		{C0D3799B-0A1A-4F85-AA17-EED4CA7FD346}.Release|x86.ActiveCfg = Release|Win32
		{C0D3799B-0A1A-4F85-AA17-EED4CA7FD346}.Release|x86.Build.0 = Release|Win32
		{E9C3E594-601D-4182-A76A-A1A1491C6D3E}.Debug|x64.ActiveCfg = Debug|x64
		{E9C3E594-601D-4182-A76A-A1A1491C6D3E}.Debug|x64.Build.0 = Debug|x64
		{E9C3E594-601D-4182-A76A-A1A1491C6D3E}.Debug|x86.ActiveCfg = Debug|Win32
		{E9C3E594-601D-4182-A76A-A1A1491C6D3E}.Debug|x86.Build.0 = Debug|Win32
		{E9C3E594-601D-4182-A76A-A1A1491C6D3E}.Release|x64.ActiveCfg = Release|x64
		{E9C3E594-601D-4182-A76A-A1A1491C6D3E}.Release|x64.Build.0 = Release|x64
		{E9C3E594-601D-4182-A76A-A1A1491C6D3E}.Release|x86.ActiveCfg = Release|Win32
		{E9C3E594-601D-4182-A76A-A1A1491C6D3E}.Release|x86.Build.0 = Release|Win32
		{A46AD321-84BF-4238-911A-BDD9E9CFE9EA}.Debug|x64.ActiveCfg = Debug|x64
		{A46AD321-84BF-4238-911A-BDD9E9CFE9EA}.Debug|x64.Build.0 = Debug|x64
		{A46AD321-84BF-4238-911A-BDD9E9CFE9EA}.Debug|x86.ActiveCfg = Debug|Win32
		{A46AD321-84BF-4238-911A-BDD9E9CFE9EA}.Debug|x86.Build.0 = Debug|Win32
		{A46AD321-84BF-4238-911A-BDD9E9CFE9EA}.Release|x64.ActiveCfg = Release|x64
		{A46AD321-84BF-4238-911A-BDD9E9CFE9EA}.Release|x64.Build.0 = Release|x64
		{A46AD321-84BF-4238-911A-BDD9E9CFE9EA}.Release|x86.ActiveCfg = Release|Win32
		{A46AD321-84BF-4238-911A-BDD9E9CFE9EA}.Release|x86.Build.0 = Release|Win32
		{BDBA5370-0895-4CEC-A9C3-9D16F29B0A07}.Debug|x64.ActiveCfg = Debug|x64
		{BDBA5370-0895-4CEC-A9C3-9D16F29B0A07}.Debug|x64.Build.0 = Debug|x64
		{BDBA5370-0895-4CEC-A9C3-9D16F29B0A07}.Debug|x86.ActiveCfg = Debug|Win32
		{BDBA5370-0895-4CEC-A9C3-9D16F29B0A07}.Debug|x86.Build.0 = Debug|Win32
		{BDBA5370-0895-4CEC-A9C3-9D16F29B0A07}.Release|x64.ActiveCfg = Release|x64
		{BDBA5370-0895-4CEC-A9C3-9D16F29B0A07}.Release|x64.Build.0 = Release|x64
		{BDBA5370-0895-4CEC-A9C3-9D16F29B0A07}.Release|x86.ActiveCfg = Release|Win32
		{BDBA5370-0895-4CEC-A9C3-9D16F29B0A07}.Release|x86.Build.0 = Release|Win32
		{64EF9729-8312-46CD-8314-3A5CC5733477}.Debug|x64.ActiveCfg = Debug|x64
		{64EF9729-8312-46CD-8314-3A5CC5733477}.Debug|x64.Build.0 = Debug|x64
		{64EF9729-8312-46CD-8314-3A5CC5733477}.Debug|x86.ActiveCfg = Debug|Win32
		{64EF9729-8312-46CD-8314-3A5CC5733477}.Debug|x86.Build.0 = Debug|Win32
		{64EF9729-8312-46CD-8314-3A5CC5733477}.Release|x64.ActiveCfg = Release|x64
		{64EF9729-8312-46CD-8314-3A5CC5733477}.Release|x64.Build.0 = Release|x64
		{64EF9729-8312-46CD-8314-3A5CC5733477}.Release|x86.ActiveCfg = Release|Win32
		{64EF9729-8312-46CD-8314-3A5CC5733477}.Release|x86.Build.0 = Release|Win32
	EndGlobalSection
	GlobalSection(SolutionProperties) = preSolution
		HideSolutionNode = FALSE
	EndGlobalSection
	GlobalSection(ExtensibilityGlobals) = postSolution
		SolutionGuid = {B72AB474-7ED5-479D-8C4F-430E89F828BF}
	EndGlobalSection
EndGlobal
